
Microsoft Visual Studio Solution File, Format Version 12.00
# Visual Studio Version 16
VisualStudioVersion = 16.0.31424.327
MinimumVisualStudioVersion = 10.0.40219.1
Project("{FAE04EC0-301F-11D3-BF4B-00C04F79EFBC}") = "UI.Trax.Web", "UI.Trax.Web\UI.Trax.Web.csproj", "{7E5F3F79-870B-43DA-BB3F-309FB428A9D1}"
EndProject
Project("{FAE04EC0-301F-11D3-BF4B-00C04F79EFBC}") = "Trax.Infraestructure.Web", "Trax.Infraestructure.Web}\Trax.Infraestructure.Web.csproj", "{8E679F14-D7D4-42F3-9113-6F404234A47D}"
EndProject
Project("{FAE04EC0-301F-11D3-BF4B-00C04F79EFBC}") = "Trax.Models.Web", "Trax.Models.Web\Trax.Models.Web.csproj", "{68827E15-721B-48B3-945E-6F88BA4F2924}"
EndProject
Global
	GlobalSection(SolutionConfigurationPlatforms) = preSolution
		Debug|Any CPU = Debug|Any CPU
		Release|Any CPU = Release|Any CPU
	EndGlobalSection
	GlobalSection(ProjectConfigurationPlatforms) = postSolution
		{7E5F3F79-870B-43DA-BB3F-309FB428A9D1}.Debug|Any CPU.ActiveCfg = Debug|Any CPU
		{7E5F3F79-870B-43DA-BB3F-309FB428A9D1}.Debug|Any CPU.Build.0 = Debug|Any CPU
		{7E5F3F79-870B-43DA-BB3F-309FB428A9D1}.Release|Any CPU.ActiveCfg = Release|Any CPU
		{7E5F3F79-870B-43DA-BB3F-309FB428A9D1}.Release|Any CPU.Build.0 = Release|Any CPU
		{8E679F14-D7D4-42F3-9113-6F404234A47D}.Debug|Any CPU.ActiveCfg = Debug|Any CPU
		{8E679F14-D7D4-42F3-9113-6F404234A47D}.Debug|Any CPU.Build.0 = Debug|Any CPU
		{8E679F14-D7D4-42F3-9113-6F404234A47D}.Release|Any CPU.ActiveCfg = Release|Any CPU
		{8E679F14-D7D4-42F3-9113-6F404234A47D}.Release|Any CPU.Build.0 = Release|Any CPU
		{68827E15-721B-48B3-945E-6F88BA4F2924}.Debug|Any CPU.ActiveCfg = Debug|Any CPU
		{68827E15-721B-48B3-945E-6F88BA4F2924}.Debug|Any CPU.Build.0 = Debug|Any CPU
		{68827E15-721B-48B3-945E-6F88BA4F2924}.Release|Any CPU.ActiveCfg = Release|Any CPU
		{68827E15-721B-48B3-945E-6F88BA4F2924}.Release|Any CPU.Build.0 = Release|Any CPU
	EndGlobalSection
	GlobalSection(SolutionProperties) = preSolution
		HideSolutionNode = FALSE
	EndGlobalSection
	GlobalSection(ExtensibilityGlobals) = postSolution
		SolutionGuid = {B90B3F3F-FCFE-4BF6-89A0-0C0BB647EB33}
	EndGlobalSection
EndGlobal
